// !$*UTF8*$!
{
	archiveVersion = 1;
	classes = {
	};
	objectVersion = 50;
	objects = {

/* Begin PBXBuildFile section */
		93B39E007FC0366F080F6F34 /* Pods_GuitarPatterns.framework in Frameworks */ = {isa = PBXBuildFile; fileRef = 0F0E7AF507D8B5CC43346A1D /* Pods_GuitarPatterns.framework */; };
		C011999A2235711B00C3C643 /* Patron.swift in Sources */ = {isa = PBXBuildFile; fileRef = C01199992235711B00C3C643 /* Patron.swift */; };
		C0391780226A476500D0701F /* Nivel.swift in Sources */ = {isa = PBXBuildFile; fileRef = C039177F226A476500D0701F /* Nivel.swift */; };
		C045E5DE223BECE500ACF510 /* GuitarPatternsUITests.swift in Sources */ = {isa = PBXBuildFile; fileRef = C045E5DD223BECE500ACF510 /* GuitarPatternsUITests.swift */; };
		C063233D22574EFE00649DBB /* CloudKit.framework in Frameworks */ = {isa = PBXBuildFile; fileRef = C063233C22574EFE00649DBB /* CloudKit.framework */; };
		C063233F2257514500649DBB /* PatronesDB.swift in Sources */ = {isa = PBXBuildFile; fileRef = C063233E2257514500649DBB /* PatronesDB.swift */; };
		C07C635022292B0100B36913 /* AppDelegate.swift in Sources */ = {isa = PBXBuildFile; fileRef = C07C634F22292B0100B36913 /* AppDelegate.swift */; };
		C07C635622292B0100B36913 /* SceneJuego.swift in Sources */ = {isa = PBXBuildFile; fileRef = C07C635522292B0100B36913 /* SceneJuego.swift */; };
		C07C635822292B0100B36913 /* GameViewController.swift in Sources */ = {isa = PBXBuildFile; fileRef = C07C635722292B0100B36913 /* GameViewController.swift */; };
		C07C635B22292B0100B36913 /* Main.storyboard in Resources */ = {isa = PBXBuildFile; fileRef = C07C635922292B0100B36913 /* Main.storyboard */; };
		C07C635D22292B0300B36913 /* Assets.xcassets in Resources */ = {isa = PBXBuildFile; fileRef = C07C635C22292B0300B36913 /* Assets.xcassets */; };
		C07C636022292B0300B36913 /* LaunchScreen.storyboard in Resources */ = {isa = PBXBuildFile; fileRef = C07C635E22292B0300B36913 /* LaunchScreen.storyboard */; };
		C07C636922292DEB00B36913 /* GuitarPatterns.swift in Sources */ = {isa = PBXBuildFile; fileRef = C07C636822292DEB00B36913 /* GuitarPatterns.swift */; };
		C07C636B22294B5E00B36913 /* Extension+SKShapeNode.swift in Sources */ = {isa = PBXBuildFile; fileRef = C07C636A22294B5E00B36913 /* Extension+SKShapeNode.swift */; };
		C07C636E222952AD00B36913 /* StringGuitar.swift in Sources */ = {isa = PBXBuildFile; fileRef = C07C636D222952AD00B36913 /* StringGuitar.swift */; };
		C07C6370222957F300B36913 /* GuitarraView.swift in Sources */ = {isa = PBXBuildFile; fileRef = C07C636F222957F300B36913 /* GuitarraView.swift */; };
		C0B41229225B733800BF5C4E /* launchScreen.png in Resources */ = {isa = PBXBuildFile; fileRef = C0B41228225B733700BF5C4E /* launchScreen.png */; };
		C0C5E78922397C3500A39031 /* testTraste.swift in Sources */ = {isa = PBXBuildFile; fileRef = C0C5E78822397C3500A39031 /* testTraste.swift */; };
		C0CA3E1F225C9A1C00796AA4 /* GuitarraStatica.swift in Sources */ = {isa = PBXBuildFile; fileRef = C0CA3E1E225C9A1C00796AA4 /* GuitarraStatica.swift */; };
		C0D0A15B222D21E400666D6A /* GuitarraViewController.swift in Sources */ = {isa = PBXBuildFile; fileRef = C0D0A15A222D21E400666D6A /* GuitarraViewController.swift */; };
		C0D0A15E222D271400666D6A /* Traste.swift in Sources */ = {isa = PBXBuildFile; fileRef = C0D0A15D222D271400666D6A /* Traste.swift */; };
		C0D0A162222D299A00666D6A /* Nota.swift in Sources */ = {isa = PBXBuildFile; fileRef = C0D0A161222D299A00666D6A /* Nota.swift */; };
		C0D0A164222D29B700666D6A /* Intervalo.swift in Sources */ = {isa = PBXBuildFile; fileRef = C0D0A163222D29B700666D6A /* Intervalo.swift */; };
		C0D0A166222D43BE00666D6A /* Mastil.swift in Sources */ = {isa = PBXBuildFile; fileRef = C0D0A165222D43BE00666D6A /* Mastil.swift */; };
		C0D4CEE1224242FD00B0B835 /* EditDataVC.swift in Sources */ = {isa = PBXBuildFile; fileRef = C0D4CEE0224242FD00B0B835 /* EditDataVC.swift */; };
		C0D4CEE3224263F700B0B835 /* SceneMenu.swift in Sources */ = {isa = PBXBuildFile; fileRef = C0D4CEE2224263F700B0B835 /* SceneMenu.swift */; };
		C0DCE16E22311D93002BF466 /* GuitarPatternsTests.swift in Sources */ = {isa = PBXBuildFile; fileRef = C0DCE16D22311D93002BF466 /* GuitarPatternsTests.swift */; };
		C0DCE176223120C7002BF466 /* Mastil.swift in Sources */ = {isa = PBXBuildFile; fileRef = C0DCE175223120C7002BF466 /* Mastil.swift */; };
		C0DE7F3D2256141500A5BD9C /* Alertas.swift in Sources */ = {isa = PBXBuildFile; fileRef = C0DE7F3C2256141500A5BD9C /* Alertas.swift */; };
		C0F14162226B839F00F905CD /* EfectosEspeciales.swift in Sources */ = {isa = PBXBuildFile; fileRef = C0F14161226B839F00F905CD /* EfectosEspeciales.swift */; };
		C0F14164226B84C800F905CD /* Extension+CGFloat.swift in Sources */ = {isa = PBXBuildFile; fileRef = C0F14163226B84C800F905CD /* Extension+CGFloat.swift */; };
		C0F14166226B858C00F905CD /* Extension+SKAction.swift in Sources */ = {isa = PBXBuildFile; fileRef = C0F14165226B858C00F905CD /* Extension+SKAction.swift */; };
		C0FA5A81227063E000137216 /* GameKitHelper.swift in Sources */ = {isa = PBXBuildFile; fileRef = C0FA5A80227063E000137216 /* GameKitHelper.swift */; };
		C0FA5A8322706A8700137216 /* LogrosHelper.swift in Sources */ = {isa = PBXBuildFile; fileRef = C0FA5A8222706A8700137216 /* LogrosHelper.swift */; };
		C0FA5A852270775500137216 /* Puntuacion.swift in Sources */ = {isa = PBXBuildFile; fileRef = C0FA5A842270775500137216 /* Puntuacion.swift */; };
		D3223FC8225A16C900C93C66 /* Nexa-Bold.otf in Resources */ = {isa = PBXBuildFile; fileRef = D3223FC7225A16BB00C93C66 /* Nexa-Bold.otf */; };
		D3223FC9225A16CC00C93C66 /* NexaBook.otf in Resources */ = {isa = PBXBuildFile; fileRef = D3223FC6225A16BB00C93C66 /* NexaBook.otf */; };
		D322C8F0226DA44000B6AC01 /* HUD.swift in Sources */ = {isa = PBXBuildFile; fileRef = D322C8EF226DA44000B6AC01 /* HUD.swift */; };
		D3282E3E2261FC78008218AC /* Extension+UIView.swift in Sources */ = {isa = PBXBuildFile; fileRef = D3282E3D2261FC78008218AC /* Extension+UIView.swift */; };
		D3282E40226233AD008218AC /* SceneMenuPrincipal.swift in Sources */ = {isa = PBXBuildFile; fileRef = D3282E3F226233AD008218AC /* SceneMenuPrincipal.swift */; };
		D3282E42226238FC008218AC /* BotonMenuPrincipal.swift in Sources */ = {isa = PBXBuildFile; fileRef = D3282E41226238FC008218AC /* BotonMenuPrincipal.swift */; };
		D32F96A5226F067400A5990F /* Panel.swift in Sources */ = {isa = PBXBuildFile; fileRef = D32F96A4226F067400A5990F /* Panel.swift */; };
		D32F96A7226F6D7200A5990F /* GameKit.framework in Frameworks */ = {isa = PBXBuildFile; fileRef = D32F96A6226F6D7200A5990F /* GameKit.framework */; };
		D33128D92264673700FCB577 /* bombDrop.wav in Resources */ = {isa = PBXBuildFile; fileRef = D33128C92264673700FCB577 /* bombDrop.wav */; };
		D33128DA2264673700FCB577 /* collectcoin.wav in Resources */ = {isa = PBXBuildFile; fileRef = D33128CB2264673700FCB577 /* collectcoin.wav */; };
		D33128DB2264673700FCB577 /* G0.wav in Resources */ = {isa = PBXBuildFile; fileRef = D33128CD2264673700FCB577 /* G0.wav */; };
		D33128DC2264673700FCB577 /* F0.wav in Resources */ = {isa = PBXBuildFile; fileRef = D33128CE2264673700FCB577 /* F0.wav */; };
		D33128DD2264673700FCB577 /* A0.wav in Resources */ = {isa = PBXBuildFile; fileRef = D33128CF2264673700FCB577 /* A0.wav */; };
		D33128DE2264673700FCB577 /* C0#.wav in Resources */ = {isa = PBXBuildFile; fileRef = D33128D02264673700FCB577 /* C0#.wav */; };
		D33128DF2264673700FCB577 /* C0.wav in Resources */ = {isa = PBXBuildFile; fileRef = D33128D12264673700FCB577 /* C0.wav */; };
		D33128E02264673700FCB577 /* A0#.wav in Resources */ = {isa = PBXBuildFile; fileRef = D33128D22264673700FCB577 /* A0#.wav */; };
		D33128E12264673700FCB577 /* B0.wav in Resources */ = {isa = PBXBuildFile; fileRef = D33128D32264673700FCB577 /* B0.wav */; };
		D33128E22264673700FCB577 /* G0#.wav in Resources */ = {isa = PBXBuildFile; fileRef = D33128D42264673700FCB577 /* G0#.wav */; };
		D33128E32264673700FCB577 /* E0.wav in Resources */ = {isa = PBXBuildFile; fileRef = D33128D52264673700FCB577 /* E0.wav */; };
		D33128E42264673700FCB577 /* F0#.wav in Resources */ = {isa = PBXBuildFile; fileRef = D33128D62264673700FCB577 /* F0#.wav */; };
		D33128E52264673700FCB577 /* D0#.wav in Resources */ = {isa = PBXBuildFile; fileRef = D33128D72264673700FCB577 /* D0#.wav */; };
		D33128E62264673700FCB577 /* D0.wav in Resources */ = {isa = PBXBuildFile; fileRef = D33128D82264673700FCB577 /* D0.wav */; };
		D33128E82264679D00FCB577 /* CJonico.mp3 in Resources */ = {isa = PBXBuildFile; fileRef = D33128E72264679D00FCB577 /* CJonico.mp3 */; };
		D33B7965225E4721003E2FB8 /* Boton.swift in Sources */ = {isa = PBXBuildFile; fileRef = D33B7964225E4721003E2FB8 /* Boton.swift */; };
		D34F00742229A9D200165192 /* SceneEditor.swift in Sources */ = {isa = PBXBuildFile; fileRef = D34F00732229A9D200165192 /* SceneEditor.swift */; };
		D34F00762229BDC200165192 /* ShapeNota.swift in Sources */ = {isa = PBXBuildFile; fileRef = D34F00752229BDC200165192 /* ShapeNota.swift */; };
		D3613B6222566DE000F15420 /* Extension+String.swift in Sources */ = {isa = PBXBuildFile; fileRef = D3613B6122566DE000F15420 /* Extension+String.swift */; };
		D3613B6522566F7D00F15420 /* Localizable.strings in Resources */ = {isa = PBXBuildFile; fileRef = D3613B6722566F7D00F15420 /* Localizable.strings */; };
/* End PBXBuildFile section */

/* Begin PBXContainerItemProxy section */
		C045E5E0223BECE500ACF510 /* PBXContainerItemProxy */ = {
			isa = PBXContainerItemProxy;
			containerPortal = C07C634422292B0100B36913 /* Project object */;
			proxyType = 1;
			remoteGlobalIDString = C07C634B22292B0100B36913;
			remoteInfo = GuitarPatterns;
		};
		C0DCE17022311D93002BF466 /* PBXContainerItemProxy */ = {
			isa = PBXContainerItemProxy;
			containerPortal = C07C634422292B0100B36913 /* Project object */;
			proxyType = 1;
			remoteGlobalIDString = C07C634B22292B0100B36913;
			remoteInfo = GuitarPatterns;
		};
/* End PBXContainerItemProxy section */

/* Begin PBXFileReference section */
		0F0E7AF507D8B5CC43346A1D /* Pods_GuitarPatterns.framework */ = {isa = PBXFileReference; explicitFileType = wrapper.framework; includeInIndex = 0; path = Pods_GuitarPatterns.framework; sourceTree = BUILT_PRODUCTS_DIR; };
		5F927DA8F023E42A4EDCE6EF /* Pods-GuitarPatterns.release.xcconfig */ = {isa = PBXFileReference; includeInIndex = 1; lastKnownFileType = text.xcconfig; name = "Pods-GuitarPatterns.release.xcconfig"; path = "Target Support Files/Pods-GuitarPatterns/Pods-GuitarPatterns.release.xcconfig"; sourceTree = "<group>"; };
		A3AF2B9FB0B5D8CC1F7262C9 /* Pods-GuitarPatterns.debug.xcconfig */ = {isa = PBXFileReference; includeInIndex = 1; lastKnownFileType = text.xcconfig; name = "Pods-GuitarPatterns.debug.xcconfig"; path = "Target Support Files/Pods-GuitarPatterns/Pods-GuitarPatterns.debug.xcconfig"; sourceTree = "<group>"; };
		C01199992235711B00C3C643 /* Patron.swift */ = {isa = PBXFileReference; lastKnownFileType = sourcecode.swift; path = Patron.swift; sourceTree = "<group>"; };
		C039177F226A476500D0701F /* Nivel.swift */ = {isa = PBXFileReference; lastKnownFileType = sourcecode.swift; path = Nivel.swift; sourceTree = "<group>"; };
		C045E5DB223BECE400ACF510 /* GuitarPatternsUITests.xctest */ = {isa = PBXFileReference; explicitFileType = wrapper.cfbundle; includeInIndex = 0; path = GuitarPatternsUITests.xctest; sourceTree = BUILT_PRODUCTS_DIR; };
		C045E5DD223BECE500ACF510 /* GuitarPatternsUITests.swift */ = {isa = PBXFileReference; lastKnownFileType = sourcecode.swift; path = GuitarPatternsUITests.swift; sourceTree = "<group>"; };
		C045E5DF223BECE500ACF510 /* Info.plist */ = {isa = PBXFileReference; lastKnownFileType = text.plist.xml; path = Info.plist; sourceTree = "<group>"; };
		C063233B22574EFB00649DBB /* GuitarPatterns.entitlements */ = {isa = PBXFileReference; lastKnownFileType = text.plist.entitlements; path = GuitarPatterns.entitlements; sourceTree = "<group>"; };
		C063233C22574EFE00649DBB /* CloudKit.framework */ = {isa = PBXFileReference; lastKnownFileType = wrapper.framework; name = CloudKit.framework; path = System/Library/Frameworks/CloudKit.framework; sourceTree = SDKROOT; };
		C063233E2257514500649DBB /* PatronesDB.swift */ = {isa = PBXFileReference; lastKnownFileType = sourcecode.swift; path = PatronesDB.swift; sourceTree = "<group>"; };
		C07C634C22292B0100B36913 /* GuitarPatterns.app */ = {isa = PBXFileReference; explicitFileType = wrapper.application; includeInIndex = 0; path = GuitarPatterns.app; sourceTree = BUILT_PRODUCTS_DIR; };
		C07C634F22292B0100B36913 /* AppDelegate.swift */ = {isa = PBXFileReference; lastKnownFileType = sourcecode.swift; path = AppDelegate.swift; sourceTree = "<group>"; };
		C07C635522292B0100B36913 /* SceneJuego.swift */ = {isa = PBXFileReference; lastKnownFileType = sourcecode.swift; path = SceneJuego.swift; sourceTree = "<group>"; };
		C07C635722292B0100B36913 /* GameViewController.swift */ = {isa = PBXFileReference; lastKnownFileType = sourcecode.swift; path = GameViewController.swift; sourceTree = "<group>"; };
		C07C635A22292B0100B36913 /* Base */ = {isa = PBXFileReference; lastKnownFileType = file.storyboard; name = Base; path = Base.lproj/Main.storyboard; sourceTree = "<group>"; };
		C07C635C22292B0300B36913 /* Assets.xcassets */ = {isa = PBXFileReference; lastKnownFileType = folder.assetcatalog; path = Assets.xcassets; sourceTree = "<group>"; };
		C07C635F22292B0300B36913 /* Base */ = {isa = PBXFileReference; lastKnownFileType = file.storyboard; name = Base; path = Base.lproj/LaunchScreen.storyboard; sourceTree = "<group>"; };
		C07C636122292B0300B36913 /* Info.plist */ = {isa = PBXFileReference; lastKnownFileType = text.plist.xml; path = Info.plist; sourceTree = "<group>"; };
		C07C636822292DEB00B36913 /* GuitarPatterns.swift */ = {isa = PBXFileReference; lastKnownFileType = sourcecode.swift; path = GuitarPatterns.swift; sourceTree = "<group>"; };
		C07C636A22294B5E00B36913 /* Extension+SKShapeNode.swift */ = {isa = PBXFileReference; lastKnownFileType = sourcecode.swift; path = "Extension+SKShapeNode.swift"; sourceTree = "<group>"; };
		C07C636D222952AD00B36913 /* StringGuitar.swift */ = {isa = PBXFileReference; lastKnownFileType = sourcecode.swift; path = StringGuitar.swift; sourceTree = "<group>"; };
		C07C636F222957F300B36913 /* GuitarraView.swift */ = {isa = PBXFileReference; lastKnownFileType = sourcecode.swift; path = GuitarraView.swift; sourceTree = "<group>"; };
		C0B41228225B733700BF5C4E /* launchScreen.png */ = {isa = PBXFileReference; lastKnownFileType = image.png; path = launchScreen.png; sourceTree = "<group>"; };
		C0C5E78822397C3500A39031 /* testTraste.swift */ = {isa = PBXFileReference; lastKnownFileType = sourcecode.swift; path = testTraste.swift; sourceTree = "<group>"; };
		C0CA3E1E225C9A1C00796AA4 /* GuitarraStatica.swift */ = {isa = PBXFileReference; lastKnownFileType = sourcecode.swift; path = GuitarraStatica.swift; sourceTree = "<group>"; };
		C0D0A15A222D21E400666D6A /* GuitarraViewController.swift */ = {isa = PBXFileReference; lastKnownFileType = sourcecode.swift; path = GuitarraViewController.swift; sourceTree = "<group>"; };
		C0D0A15D222D271400666D6A /* Traste.swift */ = {isa = PBXFileReference; lastKnownFileType = sourcecode.swift; path = Traste.swift; sourceTree = "<group>"; };
		C0D0A161222D299A00666D6A /* Nota.swift */ = {isa = PBXFileReference; lastKnownFileType = sourcecode.swift; path = Nota.swift; sourceTree = "<group>"; };
		C0D0A163222D29B700666D6A /* Intervalo.swift */ = {isa = PBXFileReference; lastKnownFileType = sourcecode.swift; path = Intervalo.swift; sourceTree = "<group>"; };
		C0D0A165222D43BE00666D6A /* Mastil.swift */ = {isa = PBXFileReference; lastKnownFileType = sourcecode.swift; path = Mastil.swift; sourceTree = "<group>"; };
		C0D4CEE0224242FD00B0B835 /* EditDataVC.swift */ = {isa = PBXFileReference; lastKnownFileType = sourcecode.swift; path = EditDataVC.swift; sourceTree = "<group>"; };
		C0D4CEE2224263F700B0B835 /* SceneMenu.swift */ = {isa = PBXFileReference; lastKnownFileType = sourcecode.swift; path = SceneMenu.swift; sourceTree = "<group>"; };
		C0DCE16B22311D93002BF466 /* GuitarPatternsTests.xctest */ = {isa = PBXFileReference; explicitFileType = wrapper.cfbundle; includeInIndex = 0; path = GuitarPatternsTests.xctest; sourceTree = BUILT_PRODUCTS_DIR; };
		C0DCE16D22311D93002BF466 /* GuitarPatternsTests.swift */ = {isa = PBXFileReference; lastKnownFileType = sourcecode.swift; path = GuitarPatternsTests.swift; sourceTree = "<group>"; };
		C0DCE16F22311D93002BF466 /* Info.plist */ = {isa = PBXFileReference; lastKnownFileType = text.plist.xml; path = Info.plist; sourceTree = "<group>"; };
		C0DCE175223120C7002BF466 /* Mastil.swift */ = {isa = PBXFileReference; lastKnownFileType = sourcecode.swift; path = Mastil.swift; sourceTree = "<group>"; };
		C0DE7F3C2256141500A5BD9C /* Alertas.swift */ = {isa = PBXFileReference; lastKnownFileType = sourcecode.swift; path = Alertas.swift; sourceTree = "<group>"; };
		C0F14161226B839F00F905CD /* EfectosEspeciales.swift */ = {isa = PBXFileReference; lastKnownFileType = sourcecode.swift; path = EfectosEspeciales.swift; sourceTree = "<group>"; };
		C0F14163226B84C800F905CD /* Extension+CGFloat.swift */ = {isa = PBXFileReference; lastKnownFileType = sourcecode.swift; path = "Extension+CGFloat.swift"; sourceTree = "<group>"; };
		C0F14165226B858C00F905CD /* Extension+SKAction.swift */ = {isa = PBXFileReference; lastKnownFileType = sourcecode.swift; path = "Extension+SKAction.swift"; sourceTree = "<group>"; };
		C0FA5A80227063E000137216 /* GameKitHelper.swift */ = {isa = PBXFileReference; lastKnownFileType = sourcecode.swift; path = GameKitHelper.swift; sourceTree = "<group>"; };
		C0FA5A8222706A8700137216 /* LogrosHelper.swift */ = {isa = PBXFileReference; lastKnownFileType = sourcecode.swift; path = LogrosHelper.swift; sourceTree = "<group>"; };
		C0FA5A842270775500137216 /* Puntuacion.swift */ = {isa = PBXFileReference; lastKnownFileType = sourcecode.swift; path = Puntuacion.swift; sourceTree = "<group>"; };
		D3223FC6225A16BB00C93C66 /* NexaBook.otf */ = {isa = PBXFileReference; lastKnownFileType = file; path = NexaBook.otf; sourceTree = "<group>"; };
		D3223FC7225A16BB00C93C66 /* Nexa-Bold.otf */ = {isa = PBXFileReference; lastKnownFileType = file; path = "Nexa-Bold.otf"; sourceTree = "<group>"; };
		D322C8EF226DA44000B6AC01 /* HUD.swift */ = {isa = PBXFileReference; lastKnownFileType = sourcecode.swift; path = HUD.swift; sourceTree = "<group>"; };
		D3282E3D2261FC78008218AC /* Extension+UIView.swift */ = {isa = PBXFileReference; lastKnownFileType = sourcecode.swift; path = "Extension+UIView.swift"; sourceTree = "<group>"; };
		D3282E3F226233AD008218AC /* SceneMenuPrincipal.swift */ = {isa = PBXFileReference; lastKnownFileType = sourcecode.swift; path = SceneMenuPrincipal.swift; sourceTree = "<group>"; };
		D3282E41226238FC008218AC /* BotonMenuPrincipal.swift */ = {isa = PBXFileReference; lastKnownFileType = sourcecode.swift; path = BotonMenuPrincipal.swift; sourceTree = "<group>"; };
		D32F96A4226F067400A5990F /* Panel.swift */ = {isa = PBXFileReference; lastKnownFileType = sourcecode.swift; path = Panel.swift; sourceTree = "<group>"; };
		D32F96A6226F6D7200A5990F /* GameKit.framework */ = {isa = PBXFileReference; lastKnownFileType = wrapper.framework; name = GameKit.framework; path = System/Library/Frameworks/GameKit.framework; sourceTree = SDKROOT; };
		D33128C92264673700FCB577 /* bombDrop.wav */ = {isa = PBXFileReference; lastKnownFileType = audio.wav; path = bombDrop.wav; sourceTree = "<group>"; };
		D33128CB2264673700FCB577 /* collectcoin.wav */ = {isa = PBXFileReference; lastKnownFileType = audio.wav; path = collectcoin.wav; sourceTree = "<group>"; };
		D33128CD2264673700FCB577 /* G0.wav */ = {isa = PBXFileReference; lastKnownFileType = audio.wav; path = G0.wav; sourceTree = "<group>"; };
		D33128CE2264673700FCB577 /* F0.wav */ = {isa = PBXFileReference; lastKnownFileType = audio.wav; path = F0.wav; sourceTree = "<group>"; };
		D33128CF2264673700FCB577 /* A0.wav */ = {isa = PBXFileReference; lastKnownFileType = audio.wav; path = A0.wav; sourceTree = "<group>"; };
		D33128D02264673700FCB577 /* C0#.wav */ = {isa = PBXFileReference; lastKnownFileType = audio.wav; path = "C0#.wav"; sourceTree = "<group>"; };
		D33128D12264673700FCB577 /* C0.wav */ = {isa = PBXFileReference; lastKnownFileType = audio.wav; path = C0.wav; sourceTree = "<group>"; };
		D33128D22264673700FCB577 /* A0#.wav */ = {isa = PBXFileReference; lastKnownFileType = audio.wav; path = "A0#.wav"; sourceTree = "<group>"; };
		D33128D32264673700FCB577 /* B0.wav */ = {isa = PBXFileReference; lastKnownFileType = audio.wav; path = B0.wav; sourceTree = "<group>"; };
		D33128D42264673700FCB577 /* G0#.wav */ = {isa = PBXFileReference; lastKnownFileType = audio.wav; path = "G0#.wav"; sourceTree = "<group>"; };
		D33128D52264673700FCB577 /* E0.wav */ = {isa = PBXFileReference; lastKnownFileType = audio.wav; path = E0.wav; sourceTree = "<group>"; };
		D33128D62264673700FCB577 /* F0#.wav */ = {isa = PBXFileReference; lastKnownFileType = audio.wav; path = "F0#.wav"; sourceTree = "<group>"; };
		D33128D72264673700FCB577 /* D0#.wav */ = {isa = PBXFileReference; lastKnownFileType = audio.wav; path = "D0#.wav"; sourceTree = "<group>"; };
		D33128D82264673700FCB577 /* D0.wav */ = {isa = PBXFileReference; lastKnownFileType = audio.wav; path = D0.wav; sourceTree = "<group>"; };
		D33128E72264679D00FCB577 /* CJonico.mp3 */ = {isa = PBXFileReference; lastKnownFileType = audio.mp3; path = CJonico.mp3; sourceTree = "<group>"; };
		D33B7964225E4721003E2FB8 /* Boton.swift */ = {isa = PBXFileReference; lastKnownFileType = sourcecode.swift; path = Boton.swift; sourceTree = "<group>"; };
		D34F00732229A9D200165192 /* SceneEditor.swift */ = {isa = PBXFileReference; lastKnownFileType = sourcecode.swift; path = SceneEditor.swift; sourceTree = "<group>"; };
		D34F00752229BDC200165192 /* ShapeNota.swift */ = {isa = PBXFileReference; lastKnownFileType = sourcecode.swift; path = ShapeNota.swift; sourceTree = "<group>"; };
		D3613B6122566DE000F15420 /* Extension+String.swift */ = {isa = PBXFileReference; lastKnownFileType = sourcecode.swift; path = "Extension+String.swift"; sourceTree = "<group>"; };
		D3613B6622566F7D00F15420 /* en */ = {isa = PBXFileReference; lastKnownFileType = text.plist.strings; name = en; path = en.lproj/Localizable.strings; sourceTree = "<group>"; };
		D3613B6822566FAA00F15420 /* es */ = {isa = PBXFileReference; lastKnownFileType = text.plist.strings; name = es; path = es.lproj/Localizable.strings; sourceTree = "<group>"; };
/* End PBXFileReference section */

/* Begin PBXFrameworksBuildPhase section */
		C045E5D8223BECE400ACF510 /* Frameworks */ = {
			isa = PBXFrameworksBuildPhase;
			buildActionMask = 2147483647;
			files = (
			);
			runOnlyForDeploymentPostprocessing = 0;
		};
		C07C634922292B0100B36913 /* Frameworks */ = {
			isa = PBXFrameworksBuildPhase;
			buildActionMask = 2147483647;
			files = (
				D32F96A7226F6D7200A5990F /* GameKit.framework in Frameworks */,
				93B39E007FC0366F080F6F34 /* Pods_GuitarPatterns.framework in Frameworks */,
				C063233D22574EFE00649DBB /* CloudKit.framework in Frameworks */,
			);
			runOnlyForDeploymentPostprocessing = 0;
		};
		C0DCE16822311D93002BF466 /* Frameworks */ = {
			isa = PBXFrameworksBuildPhase;
			buildActionMask = 2147483647;
			files = (
			);
			runOnlyForDeploymentPostprocessing = 0;
		};
/* End PBXFrameworksBuildPhase section */

/* Begin PBXGroup section */
		4E2B085296245C77F8B5B1E2 /* Pods */ = {
			isa = PBXGroup;
			children = (
				A3AF2B9FB0B5D8CC1F7262C9 /* Pods-GuitarPatterns.debug.xcconfig */,
				5F927DA8F023E42A4EDCE6EF /* Pods-GuitarPatterns.release.xcconfig */,
			);
			path = Pods;
			sourceTree = "<group>";
		};
		B4ECF099E153E36C47664824 /* Frameworks */ = {
			isa = PBXGroup;
			children = (
				D32F96A6226F6D7200A5990F /* GameKit.framework */,
				C063233C22574EFE00649DBB /* CloudKit.framework */,
				0F0E7AF507D8B5CC43346A1D /* Pods_GuitarPatterns.framework */,
			);
			name = Frameworks;
			sourceTree = "<group>";
		};
		C045E5DC223BECE500ACF510 /* GuitarPatternsUITests */ = {
			isa = PBXGroup;
			children = (
				C045E5DD223BECE500ACF510 /* GuitarPatternsUITests.swift */,
				C045E5DF223BECE500ACF510 /* Info.plist */,
			);
			path = GuitarPatternsUITests;
			sourceTree = "<group>";
		};
		C07C634322292B0100B36913 = {
			isa = PBXGroup;
			children = (
				D33128C82264673700FCB577 /* sonidos */,
				C0B4122A225B7EF500BF5C4E /* imagenes */,
				D3223FBF225A169700C93C66 /* fonts */,
				C07C634E22292B0100B36913 /* GuitarPatterns */,
				C0DCE16C22311D93002BF466 /* GuitarPatternsTests */,
				C045E5DC223BECE500ACF510 /* GuitarPatternsUITests */,
				C07C634D22292B0100B36913 /* Products */,
				4E2B085296245C77F8B5B1E2 /* Pods */,
				B4ECF099E153E36C47664824 /* Frameworks */,
			);
			sourceTree = "<group>";
		};
		C07C634D22292B0100B36913 /* Products */ = {
			isa = PBXGroup;
			children = (
				C07C634C22292B0100B36913 /* GuitarPatterns.app */,
				C0DCE16B22311D93002BF466 /* GuitarPatternsTests.xctest */,
				C045E5DB223BECE400ACF510 /* GuitarPatternsUITests.xctest */,
			);
			name = Products;
			sourceTree = "<group>";
		};
		C07C634E22292B0100B36913 /* GuitarPatterns */ = {
			isa = PBXGroup;
			children = (
				C0FA5A7F227063C800137216 /* GameKit */,
				C063233B22574EFB00649DBB /* GuitarPatterns.entitlements */,
				D3613B5E22566B9400F15420 /* Literales */,
				C0D0A15C222D24B400666D6A /* Modelo */,
				C0D0A159222D21C100666D6A /* Controladores */,
				D34F00722229A9AE00165192 /* Scenes */,
				C07C636C2229528500B36913 /* Vistas */,
				C07C636722292DCA00B36913 /* Helpers */,
				C07C634F22292B0100B36913 /* AppDelegate.swift */,
				C07C635722292B0100B36913 /* GameViewController.swift */,
				C07C635922292B0100B36913 /* Main.storyboard */,
				C07C635C22292B0300B36913 /* Assets.xcassets */,
				C07C635E22292B0300B36913 /* LaunchScreen.storyboard */,
				C07C636122292B0300B36913 /* Info.plist */,
			);
			path = GuitarPatterns;
			sourceTree = "<group>";
		};
		C07C636722292DCA00B36913 /* Helpers */ = {
			isa = PBXGroup;
			children = (
				C07C636822292DEB00B36913 /* GuitarPatterns.swift */,
				C07C636A22294B5E00B36913 /* Extension+SKShapeNode.swift */,
				C0DE7F3C2256141500A5BD9C /* Alertas.swift */,
				D3613B6122566DE000F15420 /* Extension+String.swift */,
				D3282E3D2261FC78008218AC /* Extension+UIView.swift */,
				C0F14161226B839F00F905CD /* EfectosEspeciales.swift */,
				C0F14163226B84C800F905CD /* Extension+CGFloat.swift */,
				C0F14165226B858C00F905CD /* Extension+SKAction.swift */,
			);
			path = Helpers;
			sourceTree = "<group>";
		};
		C07C636C2229528500B36913 /* Vistas */ = {
			isa = PBXGroup;
			children = (
				C07C636D222952AD00B36913 /* StringGuitar.swift */,
				C07C636F222957F300B36913 /* GuitarraView.swift */,
				D34F00752229BDC200165192 /* ShapeNota.swift */,
				C0CA3E1E225C9A1C00796AA4 /* GuitarraStatica.swift */,
				D33B7964225E4721003E2FB8 /* Boton.swift */,
				D3282E41226238FC008218AC /* BotonMenuPrincipal.swift */,
				D322C8EF226DA44000B6AC01 /* HUD.swift */,
				D32F96A4226F067400A5990F /* Panel.swift */,
			);
			path = Vistas;
			sourceTree = "<group>";
		};
		C0B4122A225B7EF500BF5C4E /* imagenes */ = {
			isa = PBXGroup;
			children = (
				C0B41228225B733700BF5C4E /* launchScreen.png */,
			);
			path = imagenes;
			sourceTree = "<group>";
		};
		C0D0A159222D21C100666D6A /* Controladores */ = {
			isa = PBXGroup;
			children = (
				C0D0A15A222D21E400666D6A /* GuitarraViewController.swift */,
				C0D4CEE0224242FD00B0B835 /* EditDataVC.swift */,
			);
			path = Controladores;
			sourceTree = "<group>";
		};
		C0D0A15C222D24B400666D6A /* Modelo */ = {
			isa = PBXGroup;
			children = (
				C0D0A15D222D271400666D6A /* Traste.swift */,
				C0D0A161222D299A00666D6A /* Nota.swift */,
				C0D0A163222D29B700666D6A /* Intervalo.swift */,
				C0D0A165222D43BE00666D6A /* Mastil.swift */,
				C01199992235711B00C3C643 /* Patron.swift */,
				C063233E2257514500649DBB /* PatronesDB.swift */,
				C039177F226A476500D0701F /* Nivel.swift */,
				C0FA5A842270775500137216 /* Puntuacion.swift */,
			);
			path = Modelo;
			sourceTree = "<group>";
		};
		C0DCE16C22311D93002BF466 /* GuitarPatternsTests */ = {
			isa = PBXGroup;
			children = (
				C0C5E78822397C3500A39031 /* testTraste.swift */,
				C0DCE175223120C7002BF466 /* Mastil.swift */,
				C0DCE16D22311D93002BF466 /* GuitarPatternsTests.swift */,
				C0DCE16F22311D93002BF466 /* Info.plist */,
			);
			path = GuitarPatternsTests;
			sourceTree = "<group>";
		};
		C0FA5A7F227063C800137216 /* GameKit */ = {
			isa = PBXGroup;
			children = (
				C0FA5A80227063E000137216 /* GameKitHelper.swift */,
				C0FA5A8222706A8700137216 /* LogrosHelper.swift */,
			);
			path = GameKit;
			sourceTree = "<group>";
		};
		D3223FBF225A169700C93C66 /* fonts */ = {
			isa = PBXGroup;
			children = (
				D3223FC7225A16BB00C93C66 /* Nexa-Bold.otf */,
				D3223FC6225A16BB00C93C66 /* NexaBook.otf */,
			);
			path = fonts;
			sourceTree = "<group>";
		};
		D33128C82264673700FCB577 /* sonidos */ = {
			isa = PBXGroup;
			children = (
				D33128C92264673700FCB577 /* bombDrop.wav */,
				D33128CA2264673700FCB577 /* back */,
				D33128CB2264673700FCB577 /* collectcoin.wav */,
				D33128CC2264673700FCB577 /* notas */,
			);
			path = sonidos;
			sourceTree = "<group>";
		};
		D33128CA2264673700FCB577 /* back */ = {
			isa = PBXGroup;
			children = (
				D33128E72264679D00FCB577 /* CJonico.mp3 */,
			);
			path = back;
			sourceTree = "<group>";
		};
		D33128CC2264673700FCB577 /* notas */ = {
			isa = PBXGroup;
			children = (
				D33128CD2264673700FCB577 /* G0.wav */,
				D33128CE2264673700FCB577 /* F0.wav */,
				D33128CF2264673700FCB577 /* A0.wav */,
				D33128D02264673700FCB577 /* C0#.wav */,
				D33128D12264673700FCB577 /* C0.wav */,
				D33128D22264673700FCB577 /* A0#.wav */,
				D33128D32264673700FCB577 /* B0.wav */,
				D33128D42264673700FCB577 /* G0#.wav */,
				D33128D52264673700FCB577 /* E0.wav */,
				D33128D62264673700FCB577 /* F0#.wav */,
				D33128D72264673700FCB577 /* D0#.wav */,
				D33128D82264673700FCB577 /* D0.wav */,
			);
			path = notas;
			sourceTree = "<group>";
		};
		D34F00722229A9AE00165192 /* Scenes */ = {
			isa = PBXGroup;
			children = (
				C07C635522292B0100B36913 /* SceneJuego.swift */,
				D34F00732229A9D200165192 /* SceneEditor.swift */,
				C0D4CEE2224263F700B0B835 /* SceneMenu.swift */,
				D3282E3F226233AD008218AC /* SceneMenuPrincipal.swift */,
			);
			path = Scenes;
			sourceTree = "<group>";
		};
		D3613B5E22566B9400F15420 /* Literales */ = {
			isa = PBXGroup;
			children = (
				D3613B6722566F7D00F15420 /* Localizable.strings */,
			);
			path = Literales;
			sourceTree = "<group>";
		};
/* End PBXGroup section */

/* Begin PBXNativeTarget section */
		C045E5DA223BECE400ACF510 /* GuitarPatternsUITests */ = {
			isa = PBXNativeTarget;
			buildConfigurationList = C045E5E4223BECE500ACF510 /* Build configuration list for PBXNativeTarget "GuitarPatternsUITests" */;
			buildPhases = (
				C045E5D7223BECE400ACF510 /* Sources */,
				C045E5D8223BECE400ACF510 /* Frameworks */,
				C045E5D9223BECE400ACF510 /* Resources */,
			);
			buildRules = (
			);
			dependencies = (
				C045E5E1223BECE500ACF510 /* PBXTargetDependency */,
			);
			name = GuitarPatternsUITests;
			productName = GuitarPatternsUITests;
			productReference = C045E5DB223BECE400ACF510 /* GuitarPatternsUITests.xctest */;
			productType = "com.apple.product-type.bundle.ui-testing";
		};
		C07C634B22292B0100B36913 /* GuitarPatterns */ = {
			isa = PBXNativeTarget;
			buildConfigurationList = C07C636422292B0300B36913 /* Build configuration list for PBXNativeTarget "GuitarPatterns" */;
			buildPhases = (
				714CA50768DD069BFB95514C /* [CP] Check Pods Manifest.lock */,
				C07C634822292B0100B36913 /* Sources */,
				C07C634922292B0100B36913 /* Frameworks */,
				C07C634A22292B0100B36913 /* Resources */,
				EB0E9BCF6A468EB812ABD1A1 /* [CP] Embed Pods Frameworks */,
			);
			buildRules = (
			);
			dependencies = (
			);
			name = GuitarPatterns;
			productName = GuitarPatterns;
			productReference = C07C634C22292B0100B36913 /* GuitarPatterns.app */;
			productType = "com.apple.product-type.application";
		};
		C0DCE16A22311D93002BF466 /* GuitarPatternsTests */ = {
			isa = PBXNativeTarget;
			buildConfigurationList = C0DCE17422311D93002BF466 /* Build configuration list for PBXNativeTarget "GuitarPatternsTests" */;
			buildPhases = (
				C0DCE16722311D93002BF466 /* Sources */,
				C0DCE16822311D93002BF466 /* Frameworks */,
				C0DCE16922311D93002BF466 /* Resources */,
			);
			buildRules = (
			);
			dependencies = (
				C0DCE17122311D93002BF466 /* PBXTargetDependency */,
			);
			name = GuitarPatternsTests;
			productName = GuitarPatternsTests;
			productReference = C0DCE16B22311D93002BF466 /* GuitarPatternsTests.xctest */;
			productType = "com.apple.product-type.bundle.unit-test";
		};
/* End PBXNativeTarget section */

/* Begin PBXProject section */
		C07C634422292B0100B36913 /* Project object */ = {
			isa = PBXProject;
			attributes = {
				LastSwiftUpdateCheck = 1010;
				LastUpgradeCheck = 1010;
				ORGANIZATIONNAME = "Alberto Banet Masa";
				TargetAttributes = {
					C045E5DA223BECE400ACF510 = {
						CreatedOnToolsVersion = 10.1;
						TestTargetID = C07C634B22292B0100B36913;
					};
					C07C634B22292B0100B36913 = {
						CreatedOnToolsVersion = 10.1;
						SystemCapabilities = {
							com.apple.GameCenter.iOS = {
								enabled = 1;
							};
							com.apple.Push = {
								enabled = 1;
							};
							com.apple.iCloud = {
								enabled = 1;
							};
						};
					};
					C0DCE16A22311D93002BF466 = {
						CreatedOnToolsVersion = 10.1;
						TestTargetID = C07C634B22292B0100B36913;
					};
				};
			};
			buildConfigurationList = C07C634722292B0100B36913 /* Build configuration list for PBXProject "GuitarPatterns" */;
			compatibilityVersion = "Xcode 9.3";
			developmentRegion = en;
			hasScannedForEncodings = 0;
			knownRegions = (
				en,
				Base,
				es,
			);
			mainGroup = C07C634322292B0100B36913;
			productRefGroup = C07C634D22292B0100B36913 /* Products */;
			projectDirPath = "";
			projectRoot = "";
			targets = (
				C07C634B22292B0100B36913 /* GuitarPatterns */,
				C0DCE16A22311D93002BF466 /* GuitarPatternsTests */,
				C045E5DA223BECE400ACF510 /* GuitarPatternsUITests */,
			);
		};
/* End PBXProject section */

/* Begin PBXResourcesBuildPhase section */
		C045E5D9223BECE400ACF510 /* Resources */ = {
			isa = PBXResourcesBuildPhase;
			buildActionMask = 2147483647;
			files = (
			);
			runOnlyForDeploymentPostprocessing = 0;
		};
		C07C634A22292B0100B36913 /* Resources */ = {
			isa = PBXResourcesBuildPhase;
			buildActionMask = 2147483647;
			files = (
				D33128E22264673700FCB577 /* G0#.wav in Resources */,
				D33128E62264673700FCB577 /* D0.wav in Resources */,
				C07C635B22292B0100B36913 /* Main.storyboard in Resources */,
				D3613B6522566F7D00F15420 /* Localizable.strings in Resources */,
				D3223FC9225A16CC00C93C66 /* NexaBook.otf in Resources */,
				D33128E02264673700FCB577 /* A0#.wav in Resources */,
				D33128E12264673700FCB577 /* B0.wav in Resources */,
				D33128E52264673700FCB577 /* D0#.wav in Resources */,
				D33128DE2264673700FCB577 /* C0#.wav in Resources */,
				C0B41229225B733800BF5C4E /* launchScreen.png in Resources */,
				D33128E82264679D00FCB577 /* CJonico.mp3 in Resources */,
				C07C635D22292B0300B36913 /* Assets.xcassets in Resources */,
				D33128DB2264673700FCB577 /* G0.wav in Resources */,
				D33128DC2264673700FCB577 /* F0.wav in Resources */,
				D33128E32264673700FCB577 /* E0.wav in Resources */,
				D33128DD2264673700FCB577 /* A0.wav in Resources */,
				D33128DF2264673700FCB577 /* C0.wav in Resources */,
				D33128D92264673700FCB577 /* bombDrop.wav in Resources */,
				D3223FC8225A16C900C93C66 /* Nexa-Bold.otf in Resources */,
				D33128E42264673700FCB577 /* F0#.wav in Resources */,
				C07C636022292B0300B36913 /* LaunchScreen.storyboard in Resources */,
				D33128DA2264673700FCB577 /* collectcoin.wav in Resources */,
			);
			runOnlyForDeploymentPostprocessing = 0;
		};
		C0DCE16922311D93002BF466 /* Resources */ = {
			isa = PBXResourcesBuildPhase;
			buildActionMask = 2147483647;
			files = (
			);
			runOnlyForDeploymentPostprocessing = 0;
		};
/* End PBXResourcesBuildPhase section */

/* Begin PBXShellScriptBuildPhase section */
		714CA50768DD069BFB95514C /* [CP] Check Pods Manifest.lock */ = {
			isa = PBXShellScriptBuildPhase;
			buildActionMask = 2147483647;
			files = (
			);
			inputFileListPaths = (
			);
			inputPaths = (
				"${PODS_PODFILE_DIR_PATH}/Podfile.lock",
				"${PODS_ROOT}/Manifest.lock",
			);
			name = "[CP] Check Pods Manifest.lock";
			outputFileListPaths = (
			);
			outputPaths = (
				"$(DERIVED_FILE_DIR)/Pods-GuitarPatterns-checkManifestLockResult.txt",
			);
			runOnlyForDeploymentPostprocessing = 0;
			shellPath = /bin/sh;
			shellScript = "diff \"${PODS_PODFILE_DIR_PATH}/Podfile.lock\" \"${PODS_ROOT}/Manifest.lock\" > /dev/null\nif [ $? != 0 ] ; then\n    # print error to STDERR\n    echo \"error: The sandbox is not in sync with the Podfile.lock. Run 'pod install' or update your CocoaPods installation.\" >&2\n    exit 1\nfi\n# This output is used by Xcode 'outputs' to avoid re-running this script phase.\necho \"SUCCESS\" > \"${SCRIPT_OUTPUT_FILE_0}\"\n";
			showEnvVarsInLog = 0;
		};
		EB0E9BCF6A468EB812ABD1A1 /* [CP] Embed Pods Frameworks */ = {
			isa = PBXShellScriptBuildPhase;
			buildActionMask = 2147483647;
			files = (
			);
			inputFileListPaths = (
			);
			inputPaths = (
				"${PODS_ROOT}/Target Support Files/Pods-GuitarPatterns/Pods-GuitarPatterns-frameworks.sh",
				"${BUILT_PRODUCTS_DIR}/Eureka/Eureka.framework",
			);
			name = "[CP] Embed Pods Frameworks";
			outputFileListPaths = (
			);
			outputPaths = (
				"${TARGET_BUILD_DIR}/${FRAMEWORKS_FOLDER_PATH}/Eureka.framework",
			);
			runOnlyForDeploymentPostprocessing = 0;
			shellPath = /bin/sh;
			shellScript = "\"${PODS_ROOT}/Target Support Files/Pods-GuitarPatterns/Pods-GuitarPatterns-frameworks.sh\"\n";
			showEnvVarsInLog = 0;
		};
/* End PBXShellScriptBuildPhase section */

/* Begin PBXSourcesBuildPhase section */
		C045E5D7223BECE400ACF510 /* Sources */ = {
			isa = PBXSourcesBuildPhase;
			buildActionMask = 2147483647;
			files = (
				C045E5DE223BECE500ACF510 /* GuitarPatternsUITests.swift in Sources */,
			);
			runOnlyForDeploymentPostprocessing = 0;
		};
		C07C634822292B0100B36913 /* Sources */ = {
			isa = PBXSourcesBuildPhase;
			buildActionMask = 2147483647;
			files = (
				C0391780226A476500D0701F /* Nivel.swift in Sources */,
				D3282E40226233AD008218AC /* SceneMenuPrincipal.swift in Sources */,
				C07C635622292B0100B36913 /* SceneJuego.swift in Sources */,
				D34F00742229A9D200165192 /* SceneEditor.swift in Sources */,
				D3282E3E2261FC78008218AC /* Extension+UIView.swift in Sources */,
				C0D0A164222D29B700666D6A /* Intervalo.swift in Sources */,
				C0F14164226B84C800F905CD /* Extension+CGFloat.swift in Sources */,
				C0D0A162222D299A00666D6A /* Nota.swift in Sources */,
				D33B7965225E4721003E2FB8 /* Boton.swift in Sources */,
				C0DE7F3D2256141500A5BD9C /* Alertas.swift in Sources */,
				C063233F2257514500649DBB /* PatronesDB.swift in Sources */,
				D32F96A5226F067400A5990F /* Panel.swift in Sources */,
				D3613B6222566DE000F15420 /* Extension+String.swift in Sources */,
				C0FA5A8322706A8700137216 /* LogrosHelper.swift in Sources */,
				C0D4CEE3224263F700B0B835 /* SceneMenu.swift in Sources */,
				C0FA5A852270775500137216 /* Puntuacion.swift in Sources */,
				C0D0A15E222D271400666D6A /* Traste.swift in Sources */,
				D3282E42226238FC008218AC /* BotonMenuPrincipal.swift in Sources */,
				C0FA5A81227063E000137216 /* GameKitHelper.swift in Sources */,
				C011999A2235711B00C3C643 /* Patron.swift in Sources */,
				C0D0A166222D43BE00666D6A /* Mastil.swift in Sources */,
				D34F00762229BDC200165192 /* ShapeNota.swift in Sources */,
				C0D0A15B222D21E400666D6A /* GuitarraViewController.swift in Sources */,
				C07C636922292DEB00B36913 /* GuitarPatterns.swift in Sources */,
				C0F14162226B839F00F905CD /* EfectosEspeciales.swift in Sources */,
				D322C8F0226DA44000B6AC01 /* HUD.swift in Sources */,
				C07C635822292B0100B36913 /* GameViewController.swift in Sources */,
				C07C636E222952AD00B36913 /* StringGuitar.swift in Sources */,
				C0D4CEE1224242FD00B0B835 /* EditDataVC.swift in Sources */,
				C07C636B22294B5E00B36913 /* Extension+SKShapeNode.swift in Sources */,
				C0CA3E1F225C9A1C00796AA4 /* GuitarraStatica.swift in Sources */,
				C0F14166226B858C00F905CD /* Extension+SKAction.swift in Sources */,
				C07C6370222957F300B36913 /* GuitarraView.swift in Sources */,
				C07C635022292B0100B36913 /* AppDelegate.swift in Sources */,
			);
			runOnlyForDeploymentPostprocessing = 0;
		};
		C0DCE16722311D93002BF466 /* Sources */ = {
			isa = PBXSourcesBuildPhase;
			buildActionMask = 2147483647;
			files = (
				C0DCE16E22311D93002BF466 /* GuitarPatternsTests.swift in Sources */,
				C0C5E78922397C3500A39031 /* testTraste.swift in Sources */,
				C0DCE176223120C7002BF466 /* Mastil.swift in Sources */,
			);
			runOnlyForDeploymentPostprocessing = 0;
		};
/* End PBXSourcesBuildPhase section */

/* Begin PBXTargetDependency section */
		C045E5E1223BECE500ACF510 /* PBXTargetDependency */ = {
			isa = PBXTargetDependency;
			target = C07C634B22292B0100B36913 /* GuitarPatterns */;
			targetProxy = C045E5E0223BECE500ACF510 /* PBXContainerItemProxy */;
		};
		C0DCE17122311D93002BF466 /* PBXTargetDependency */ = {
			isa = PBXTargetDependency;
			target = C07C634B22292B0100B36913 /* GuitarPatterns */;
			targetProxy = C0DCE17022311D93002BF466 /* PBXContainerItemProxy */;
		};
/* End PBXTargetDependency section */

/* Begin PBXVariantGroup section */
		C07C635922292B0100B36913 /* Main.storyboard */ = {
			isa = PBXVariantGroup;
			children = (
				C07C635A22292B0100B36913 /* Base */,
			);
			name = Main.storyboard;
			sourceTree = "<group>";
		};
		C07C635E22292B0300B36913 /* LaunchScreen.storyboard */ = {
			isa = PBXVariantGroup;
			children = (
				C07C635F22292B0300B36913 /* Base */,
			);
			name = LaunchScreen.storyboard;
			sourceTree = "<group>";
		};
		D3613B6722566F7D00F15420 /* Localizable.strings */ = {
			isa = PBXVariantGroup;
			children = (
				D3613B6622566F7D00F15420 /* en */,
				D3613B6822566FAA00F15420 /* es */,
			);
			name = Localizable.strings;
			sourceTree = "<group>";
		};
/* End PBXVariantGroup section */

/* Begin XCBuildConfiguration section */
		C045E5E2223BECE500ACF510 /* Debug */ = {
			isa = XCBuildConfiguration;
			buildSettings = {
				CODE_SIGN_STYLE = Automatic;
				DEVELOPMENT_TEAM = FLU98JG66T;
				INFOPLIST_FILE = GuitarPatternsUITests/Info.plist;
				LD_RUNPATH_SEARCH_PATHS = (
					"$(inherited)",
					"@executable_path/Frameworks",
					"@loader_path/Frameworks",
				);
				PRODUCT_BUNDLE_IDENTIFIER = es.codigoswift.GuitarPatternsUITests;
				PRODUCT_NAME = "$(TARGET_NAME)";
				SWIFT_VERSION = 4.2;
				TARGETED_DEVICE_FAMILY = "1,2";
				TEST_TARGET_NAME = GuitarPatterns;
			};
			name = Debug;
		};
		C045E5E3223BECE500ACF510 /* Release */ = {
			isa = XCBuildConfiguration;
			buildSettings = {
				CODE_SIGN_STYLE = Automatic;
				DEVELOPMENT_TEAM = FLU98JG66T;
				INFOPLIST_FILE = GuitarPatternsUITests/Info.plist;
				LD_RUNPATH_SEARCH_PATHS = (
					"$(inherited)",
					"@executable_path/Frameworks",
					"@loader_path/Frameworks",
				);
				PRODUCT_BUNDLE_IDENTIFIER = es.codigoswift.GuitarPatternsUITests;
				PRODUCT_NAME = "$(TARGET_NAME)";
				SWIFT_VERSION = 4.2;
				TARGETED_DEVICE_FAMILY = "1,2";
				TEST_TARGET_NAME = GuitarPatterns;
			};
			name = Release;
		};
		C07C636222292B0300B36913 /* Debug */ = {
			isa = XCBuildConfiguration;
			buildSettings = {
				ALWAYS_SEARCH_USER_PATHS = NO;
				CLANG_ANALYZER_LOCALIZABILITY_NONLOCALIZED = YES;
				CLANG_ANALYZER_NONNULL = YES;
				CLANG_ANALYZER_NUMBER_OBJECT_CONVERSION = YES_AGGRESSIVE;
				CLANG_CXX_LANGUAGE_STANDARD = "gnu++14";
				CLANG_CXX_LIBRARY = "libc++";
				CLANG_ENABLE_MODULES = YES;
				CLANG_ENABLE_OBJC_ARC = YES;
				CLANG_ENABLE_OBJC_WEAK = YES;
				CLANG_WARN_BLOCK_CAPTURE_AUTORELEASING = YES;
				CLANG_WARN_BOOL_CONVERSION = YES;
				CLANG_WARN_COMMA = YES;
				CLANG_WARN_CONSTANT_CONVERSION = YES;
				CLANG_WARN_DEPRECATED_OBJC_IMPLEMENTATIONS = YES;
				CLANG_WARN_DIRECT_OBJC_ISA_USAGE = YES_ERROR;
				CLANG_WARN_DOCUMENTATION_COMMENTS = YES;
				CLANG_WARN_EMPTY_BODY = YES;
				CLANG_WARN_ENUM_CONVERSION = YES;
				CLANG_WARN_INFINITE_RECURSION = YES;
				CLANG_WARN_INT_CONVERSION = YES;
				CLANG_WARN_NON_LITERAL_NULL_CONVERSION = YES;
				CLANG_WARN_OBJC_IMPLICIT_RETAIN_SELF = YES;
				CLANG_WARN_OBJC_LITERAL_CONVERSION = YES;
				CLANG_WARN_OBJC_ROOT_CLASS = YES_ERROR;
				CLANG_WARN_RANGE_LOOP_ANALYSIS = YES;
				CLANG_WARN_STRICT_PROTOTYPES = YES;
				CLANG_WARN_SUSPICIOUS_MOVE = YES;
				CLANG_WARN_UNGUARDED_AVAILABILITY = YES_AGGRESSIVE;
				CLANG_WARN_UNREACHABLE_CODE = YES;
				CLANG_WARN__DUPLICATE_METHOD_MATCH = YES;
				CODE_SIGN_IDENTITY = "iPhone Developer";
				COPY_PHASE_STRIP = NO;
				DEBUG_INFORMATION_FORMAT = dwarf;
				ENABLE_STRICT_OBJC_MSGSEND = YES;
				ENABLE_TESTABILITY = YES;
				GCC_C_LANGUAGE_STANDARD = gnu11;
				GCC_DYNAMIC_NO_PIC = NO;
				GCC_NO_COMMON_BLOCKS = YES;
				GCC_OPTIMIZATION_LEVEL = 0;
				GCC_PREPROCESSOR_DEFINITIONS = (
					"DEBUG=1",
					"$(inherited)",
				);
				GCC_WARN_64_TO_32_BIT_CONVERSION = YES;
				GCC_WARN_ABOUT_RETURN_TYPE = YES_ERROR;
				GCC_WARN_UNDECLARED_SELECTOR = YES;
				GCC_WARN_UNINITIALIZED_AUTOS = YES_AGGRESSIVE;
				GCC_WARN_UNUSED_FUNCTION = YES;
				GCC_WARN_UNUSED_VARIABLE = YES;
				IPHONEOS_DEPLOYMENT_TARGET = 12.1;
				MTL_ENABLE_DEBUG_INFO = INCLUDE_SOURCE;
				MTL_FAST_MATH = YES;
				ONLY_ACTIVE_ARCH = YES;
				SDKROOT = iphoneos;
				SWIFT_ACTIVE_COMPILATION_CONDITIONS = DEBUG;
				SWIFT_OPTIMIZATION_LEVEL = "-Onone";
			};
			name = Debug;
		};
		C07C636322292B0300B36913 /* Release */ = {
			isa = XCBuildConfiguration;
			buildSettings = {
				ALWAYS_SEARCH_USER_PATHS = NO;
				CLANG_ANALYZER_LOCALIZABILITY_NONLOCALIZED = YES;
				CLANG_ANALYZER_NONNULL = YES;
				CLANG_ANALYZER_NUMBER_OBJECT_CONVERSION = YES_AGGRESSIVE;
				CLANG_CXX_LANGUAGE_STANDARD = "gnu++14";
				CLANG_CXX_LIBRARY = "libc++";
				CLANG_ENABLE_MODULES = YES;
				CLANG_ENABLE_OBJC_ARC = YES;
				CLANG_ENABLE_OBJC_WEAK = YES;
				CLANG_WARN_BLOCK_CAPTURE_AUTORELEASING = YES;
				CLANG_WARN_BOOL_CONVERSION = YES;
				CLANG_WARN_COMMA = YES;
				CLANG_WARN_CONSTANT_CONVERSION = YES;
				CLANG_WARN_DEPRECATED_OBJC_IMPLEMENTATIONS = YES;
				CLANG_WARN_DIRECT_OBJC_ISA_USAGE = YES_ERROR;
				CLANG_WARN_DOCUMENTATION_COMMENTS = YES;
				CLANG_WARN_EMPTY_BODY = YES;
				CLANG_WARN_ENUM_CONVERSION = YES;
				CLANG_WARN_INFINITE_RECURSION = YES;
				CLANG_WARN_INT_CONVERSION = YES;
				CLANG_WARN_NON_LITERAL_NULL_CONVERSION = YES;
				CLANG_WARN_OBJC_IMPLICIT_RETAIN_SELF = YES;
				CLANG_WARN_OBJC_LITERAL_CONVERSION = YES;
				CLANG_WARN_OBJC_ROOT_CLASS = YES_ERROR;
				CLANG_WARN_RANGE_LOOP_ANALYSIS = YES;
				CLANG_WARN_STRICT_PROTOTYPES = YES;
				CLANG_WARN_SUSPICIOUS_MOVE = YES;
				CLANG_WARN_UNGUARDED_AVAILABILITY = YES_AGGRESSIVE;
				CLANG_WARN_UNREACHABLE_CODE = YES;
				CLANG_WARN__DUPLICATE_METHOD_MATCH = YES;
				CODE_SIGN_IDENTITY = "iPhone Developer";
				COPY_PHASE_STRIP = NO;
				DEBUG_INFORMATION_FORMAT = "dwarf-with-dsym";
				ENABLE_NS_ASSERTIONS = NO;
				ENABLE_STRICT_OBJC_MSGSEND = YES;
				GCC_C_LANGUAGE_STANDARD = gnu11;
				GCC_NO_COMMON_BLOCKS = YES;
				GCC_WARN_64_TO_32_BIT_CONVERSION = YES;
				GCC_WARN_ABOUT_RETURN_TYPE = YES_ERROR;
				GCC_WARN_UNDECLARED_SELECTOR = YES;
				GCC_WARN_UNINITIALIZED_AUTOS = YES_AGGRESSIVE;
				GCC_WARN_UNUSED_FUNCTION = YES;
				GCC_WARN_UNUSED_VARIABLE = YES;
				IPHONEOS_DEPLOYMENT_TARGET = 12.1;
				MTL_ENABLE_DEBUG_INFO = NO;
				MTL_FAST_MATH = YES;
				SDKROOT = iphoneos;
				SWIFT_COMPILATION_MODE = wholemodule;
				SWIFT_OPTIMIZATION_LEVEL = "-O";
				VALIDATE_PRODUCT = YES;
			};
			name = Release;
		};
		C07C636522292B0300B36913 /* Debug */ = {
			isa = XCBuildConfiguration;
			baseConfigurationReference = A3AF2B9FB0B5D8CC1F7262C9 /* Pods-GuitarPatterns.debug.xcconfig */;
			buildSettings = {
				ASSETCATALOG_COMPILER_APPICON_NAME = AppIcon;
				CODE_SIGN_ENTITLEMENTS = GuitarPatterns/GuitarPatterns.entitlements;
				CODE_SIGN_STYLE = Automatic;
				DEVELOPMENT_TEAM = FLU98JG66T;
				INFOPLIST_FILE = GuitarPatterns/Info.plist;
				LD_RUNPATH_SEARCH_PATHS = (
					"$(inherited)",
					"@executable_path/Frameworks",
				);
				PRODUCT_BUNDLE_IDENTIFIER = es.codigoswift.GuitarPatterns;
				PRODUCT_NAME = "$(TARGET_NAME)";
				SWIFT_VERSION = 4.2;
				TARGETED_DEVICE_FAMILY = "1,2";
			};
			name = Debug;
		};
		C07C636622292B0300B36913 /* Release */ = {
			isa = XCBuildConfiguration;
			baseConfigurationReference = 5F927DA8F023E42A4EDCE6EF /* Pods-GuitarPatterns.release.xcconfig */;
			buildSettings = {
				ASSETCATALOG_COMPILER_APPICON_NAME = AppIcon;
				CODE_SIGN_ENTITLEMENTS = GuitarPatterns/GuitarPatterns.entitlements;
				CODE_SIGN_STYLE = Automatic;
				DEVELOPMENT_TEAM = FLU98JG66T;
				INFOPLIST_FILE = GuitarPatterns/Info.plist;
				LD_RUNPATH_SEARCH_PATHS = (
					"$(inherited)",
					"@executable_path/Frameworks",
				);
				PRODUCT_BUNDLE_IDENTIFIER = es.codigoswift.GuitarPatterns;
				PRODUCT_NAME = "$(TARGET_NAME)";
				SWIFT_VERSION = 4.2;
				TARGETED_DEVICE_FAMILY = "1,2";
			};
			name = Release;
		};
		C0DCE17222311D93002BF466 /* Debug */ = {
			isa = XCBuildConfiguration;
			buildSettings = {
				BUNDLE_LOADER = "$(TEST_HOST)";
				CODE_SIGN_STYLE = Automatic;
				DEVELOPMENT_TEAM = FLU98JG66T;
				INFOPLIST_FILE = GuitarPatternsTests/Info.plist;
				LD_RUNPATH_SEARCH_PATHS = (
					"$(inherited)",
					"@executable_path/Frameworks",
					"@loader_path/Frameworks",
				);
				PRODUCT_BUNDLE_IDENTIFIER = es.codigoswift.GuitarPatternsTests;
				PRODUCT_NAME = "$(TARGET_NAME)";
				SWIFT_VERSION = 4.2;
				TARGETED_DEVICE_FAMILY = "1,2";
				TEST_HOST = "$(BUILT_PRODUCTS_DIR)/GuitarPatterns.app/GuitarPatterns";
			};
			name = Debug;
		};
		C0DCE17322311D93002BF466 /* Release */ = {
			isa = XCBuildConfiguration;
			buildSettings = {
				BUNDLE_LOADER = "$(TEST_HOST)";
				CODE_SIGN_STYLE = Automatic;
				DEVELOPMENT_TEAM = FLU98JG66T;
				INFOPLIST_FILE = GuitarPatternsTests/Info.plist;
				LD_RUNPATH_SEARCH_PATHS = (
					"$(inherited)",
					"@executable_path/Frameworks",
					"@loader_path/Frameworks",
				);
				PRODUCT_BUNDLE_IDENTIFIER = es.codigoswift.GuitarPatternsTests;
				PRODUCT_NAME = "$(TARGET_NAME)";
				SWIFT_VERSION = 4.2;
				TARGETED_DEVICE_FAMILY = "1,2";
				TEST_HOST = "$(BUILT_PRODUCTS_DIR)/GuitarPatterns.app/GuitarPatterns";
			};
			name = Release;
		};
/* End XCBuildConfiguration section */

/* Begin XCConfigurationList section */
		C045E5E4223BECE500ACF510 /* Build configuration list for PBXNativeTarget "GuitarPatternsUITests" */ = {
			isa = XCConfigurationList;
			buildConfigurations = (
				C045E5E2223BECE500ACF510 /* Debug */,
				C045E5E3223BECE500ACF510 /* Release */,
			);
			defaultConfigurationIsVisible = 0;
			defaultConfigurationName = Release;
		};
		C07C634722292B0100B36913 /* Build configuration list for PBXProject "GuitarPatterns" */ = {
			isa = XCConfigurationList;
			buildConfigurations = (
				C07C636222292B0300B36913 /* Debug */,
				C07C636322292B0300B36913 /* Release */,
			);
			defaultConfigurationIsVisible = 0;
			defaultConfigurationName = Release;
		};
		C07C636422292B0300B36913 /* Build configuration list for PBXNativeTarget "GuitarPatterns" */ = {
			isa = XCConfigurationList;
			buildConfigurations = (
				C07C636522292B0300B36913 /* Debug */,
				C07C636622292B0300B36913 /* Release */,
			);
			defaultConfigurationIsVisible = 0;
			defaultConfigurationName = Release;
		};
		C0DCE17422311D93002BF466 /* Build configuration list for PBXNativeTarget "GuitarPatternsTests" */ = {
			isa = XCConfigurationList;
			buildConfigurations = (
				C0DCE17222311D93002BF466 /* Debug */,
				C0DCE17322311D93002BF466 /* Release */,
			);
			defaultConfigurationIsVisible = 0;
			defaultConfigurationName = Release;
		};
/* End XCConfigurationList section */
	};
	rootObject = C07C634422292B0100B36913 /* Project object */;
}
